
Microsoft Visual Studio Solution File, Format Version 12.00
# Visual Studio Version 17
VisualStudioVersion = 17.6.33723.286
MinimumVisualStudioVersion = 10.0.40219.1
Project("{FAE04EC0-301F-11D3-BF4B-00C04F79EFBC}") = "PaletteApp", "PaletteApp.csproj", "{222EEC4E-31C1-4DFB-9C44-B9682614AC0A}"
EndProject
Global
	GlobalSection(SolutionConfigurationPlatforms) = preSolution
		Debug|Any CPU = Debug|Any CPU
		Release|Any CPU = Release|Any CPU
	EndGlobalSection
	GlobalSection(ProjectConfigurationPlatforms) = postSolution
		{222EEC4E-31C1-4DFB-9C44-B9682614AC0A}.Debug|Any CPU.ActiveCfg = Debug|Any CPU
		{222EEC4E-31C1-4DFB-9C44-B9682614AC0A}.Debug|Any CPU.Build.0 = Debug|Any CPU
		{222EEC4E-31C1-4DFB-9C44-B9682614AC0A}.Release|Any CPU.ActiveCfg = Release|Any CPU
		{222EEC4E-31C1-4DFB-9C44-B9682614AC0A}.Release|Any CPU.Build.0 = Release|Any CPU
	EndGlobalSection
	GlobalSection(SolutionProperties) = preSolution
		HideSolutionNode = FALSE
	EndGlobalSection
	GlobalSection(ExtensibilityGlobals) = postSolution
		SolutionGuid = {465A2A91-7C06-493C-A980-B9AE906024BC}
	EndGlobalSection
EndGlobal
